<?xml version="1.0" encoding="utf-8"?>
<Project ToolsVersion="4.0" xmlns="http://schemas.microsoft.com/developer/msbuild/2003">
  <ItemGroup>
    <Filter Include="Source Files">
      <UniqueIdentifier>{4FC737F1-C7A5-4376-A066-2A32D752A2FF}</UniqueIdentifier>
      <Extensions>cpp;c;cc;cxx;c++;cppm;ixx;def;odl;idl;hpj;bat;asm;asmx</Extensions>
    </Filter>
    <Filter Include="Header Files">
      <UniqueIdentifier>{93995380-89BD-4b04-88EB-625FBE52EBFB}</UniqueIdentifier>
      <Extensions>h;hh;hpp;hxx;h++;hm;inl;inc;ipp;xsd</Extensions>
    </Filter>
    <Filter Include="Resource Files">
      <UniqueIdentifier>{67DA6AB6-F800-4c08-8B7A-83BB121AAD01}</UniqueIdentifier>
      <Extensions>rc;ico;cur;bmp;dlg;rc2;rct;bin;rgs;gif;jpg;jpeg;jpe;resx;tiff;tif;png;wav;mfcribbon-ms</Extensions>
    </Filter>
    <Filter Include="Header Files\Core">
      <UniqueIdentifier>{e8593c02-f27d-42b9-b8f8-c4ef5fb51a9c}</UniqueIdentifier>
    </Filter>
    <Filter Include="Header Files\Math">
      <UniqueIdentifier>{6f88476b-7a65-43d6-9f9f-012f715be6b6}</UniqueIdentifier>
    </Filter>
    <Filter Include="Resource Files\Shaders">
      <UniqueIdentifier>{1d8d8403-11df-41ed-9580-df2d16b0402c}</UniqueIdentifier>
    </Filter>
    <Filter Include="Source Files\Math">
      <UniqueIdentifier>{03b848fc-9d1a-4690-b13c-f910e30d457f}</UniqueIdentifier>
    </Filter>
    <Filter Include="Header Files\Renderer">
      <UniqueIdentifier>{62f7709f-23f0-490a-ae7f-9cd226cf2ca1}</UniqueIdentifier>
    </Filter>
    <Filter Include="Source Files\Renderer">
      <UniqueIdentifier>{4d0e2ce4-43b9-414d-8f34-2f3b9e8a28e9}</UniqueIdentifier>
    </Filter>
    <Filter Include="Source Files\Renderer\ErrorHandling">
      <UniqueIdentifier>{f721beca-2229-46da-982f-bffe4149e379}</UniqueIdentifier>
    </Filter>
    <Filter Include="Source Files\FileSystem">
      <UniqueIdentifier>{e7e10527-95a3-4da6-854f-160cc32c3548}</UniqueIdentifier>
    </Filter>
    <Filter Include="Header Files\Core\FileSystem">
      <UniqueIdentifier>{317226bd-ac61-4fef-9731-44692c64221a}</UniqueIdentifier>
    </Filter>
    <Filter Include="Header Files\Core\Window">
      <UniqueIdentifier>{9a7dd22c-2c21-4996-bbbb-1b6d886559f4}</UniqueIdentifier>
    </Filter>
    <Filter Include="Header Files\Core\Window\Input">
      <UniqueIdentifier>{70ac70b4-9a13-4c06-a90b-1c30beebcfc4}</UniqueIdentifier>
    </Filter>
    <Filter Include="Source Files\Core">
      <UniqueIdentifier>{7209276f-4c3f-409d-b818-b6db172bb030}</UniqueIdentifier>
    </Filter>
    <Filter Include="Source Files\Core\Window">
      <UniqueIdentifier>{f582dd5a-aeac-4bf8-b50f-fe0ec980b93c}</UniqueIdentifier>
    </Filter>
    <Filter Include="Source Files\Core\Window\Input">
      <UniqueIdentifier>{af1ebd6d-ff05-4278-86c0-ad56f214174b}</UniqueIdentifier>
    </Filter>
  </ItemGroup>
  <ItemGroup>
    <ClInclude Include="Application.hpp">
      <Filter>Header Files\Core</Filter>
    </ClInclude>
    <ClInclude Include="..\Rendering\include\GLErrorLibrary.hpp">
      <Filter>Header Files\Renderer</Filter>
    </ClInclude>
    <ClInclude Include="..\Rendering\include\Renderer.hpp">
      <Filter>Header Files\Renderer</Filter>
    </ClInclude>
    <ClInclude Include="..\Rendering\include\Shader.hpp">
      <Filter>Header Files\Renderer</Filter>
    </ClInclude>
    <ClInclude Include="..\Rendering\include\VAO.hpp">
      <Filter>Header Files\Renderer</Filter>
    </ClInclude>
    <ClInclude Include="..\Rendering\include\VBO.hpp">
      <Filter>Header Files\Renderer</Filter>
    </ClInclude>
    <ClInclude Include="Window.hpp">
      <Filter>Header Files\Renderer</Filter>
    </ClInclude>
    <ClInclude Include="InputManager.hpp">
      <Filter>Header Files\Core\Window\Input</Filter>
    </ClInclude>
    <ClInclude Include="..\Math\RiseMath.hpp">
      <Filter>Header Files\Math</Filter>
    </ClInclude>
    <ClInclude Include="GLFlags.hpp">
      <Filter>Header Files\Renderer</Filter>
    </ClInclude>
    <ClInclude Include="Core\CoreCommon.hpp">
      <Filter>Header Files\Core</Filter>
    </ClInclude>
    <ClInclude Include="Core\CoreTypes.hpp">
      <Filter>Header Files\Core</Filter>
    </ClInclude>
    <ClInclude Include="RiseEngine.hpp">
      <Filter>Header Files\Core</Filter>
    </ClInclude>
    <ClInclude Include="Core\FileSystem.hpp">
      <Filter>Header Files\Core\FileSystem</Filter>
    </ClInclude>
    <ClInclude Include="..\Rise.hpp">
      <Filter>Header Files</Filter>
    </ClInclude>
  </ItemGroup>
  <ItemGroup>
    <ClCompile Include="Application.cpp">
      <Filter>Source Files</Filter>
    </ClCompile>
    <ClCompile Include="..\Rendering\src\VBO.cpp">
      <Filter>Source Files\Renderer</Filter>
    </ClCompile>
    <ClCompile Include="..\Rendering\src\VAO.cpp">
      <Filter>Source Files\Renderer</Filter>
    </ClCompile>
    <ClCompile Include="InputManager.cpp">
      <Filter>Source Files\Core\Window\Input</Filter>
    </ClCompile>
    <ClCompile Include="Window.cpp">
      <Filter>Source Files\Core\Window</Filter>
    </ClCompile>
    <ClCompile Include="..\Rendering\src\GLErrorLibrary.cpp">
      <Filter>Source Files\Renderer\ErrorHandling</Filter>
    </ClCompile>
    <ClCompile Include="..\Rendering\src\Renderer.cpp">
      <Filter>Source Files\Renderer</Filter>
    </ClCompile>
    <ClCompile Include="..\Rendering\src\Shader.cpp">
      <Filter>Source Files\Renderer</Filter>
    </ClCompile>
    <ClCompile Include="Core\FileSystem.cpp">
      <Filter>Source Files\FileSystem</Filter>
    </ClCompile>
  </ItemGroup>
  <ItemGroup>
    <None Include="..\Rendering\Assets\Shaders\Basic2DTriangle\VertexShader.glsl">
      <Filter>Resource Files\Shaders</Filter>
    </None>
    <None Include="..\Rendering\Assets\Shaders\Basic2DTriangle\FragmentShader.glsl">
      <Filter>Resource Files\Shaders</Filter>
    </None>
  </ItemGroup>
</Project>